// !$*UTF8*$!
{
	archiveVersion = 1;
	classes = {
	};
	objectVersion = 46;
	objects = {

/* Begin PBXBuildFile section */
		6B52B3751DA8676B00D632E1 /* AppDelegate.swift in Sources */ = {isa = PBXBuildFile; fileRef = 6B52B3741DA8676B00D632E1 /* AppDelegate.swift */; };
		6B52B37C1DA8676B00D632E1 /* Assets.xcassets in Resources */ = {isa = PBXBuildFile; fileRef = 6B52B37B1DA8676B00D632E1 /* Assets.xcassets */; };
		6B52B37F1DA8676B00D632E1 /* LaunchScreen.storyboard in Resources */ = {isa = PBXBuildFile; fileRef = 6B52B37D1DA8676B00D632E1 /* LaunchScreen.storyboard */; };
		6B52B38B1DA869DD00D632E1 /* QPestTabBar.storyboard in Resources */ = {isa = PBXBuildFile; fileRef = 6B52B38A1DA869DD00D632E1 /* QPestTabBar.storyboard */; };
		6B52B38D1DA86A1900D632E1 /* QPestTabBarController.swift in Sources */ = {isa = PBXBuildFile; fileRef = 6B52B38C1DA86A1900D632E1 /* QPestTabBarController.swift */; };
		6B52B3911DA86A7400D632E1 /* CustomTabBar.swift in Sources */ = {isa = PBXBuildFile; fileRef = 6B52B3901DA86A7400D632E1 /* CustomTabBar.swift */; };
		6B52B3941DA86AAB00D632E1 /* CustomTabBarItem.swift in Sources */ = {isa = PBXBuildFile; fileRef = 6B52B3931DA86AAB00D632E1 /* CustomTabBarItem.swift */; };
		6B52B3961DA86AB300D632E1 /* CustomTabAnimatedTransitioning.swift in Sources */ = {isa = PBXBuildFile; fileRef = 6B52B3951DA86AB300D632E1 /* CustomTabAnimatedTransitioning.swift */; };
		6B52B3981DA86AF900D632E1 /* QPestIOSUtil.swift in Sources */ = {isa = PBXBuildFile; fileRef = 6B52B3971DA86AF900D632E1 /* QPestIOSUtil.swift */; };
		6B52B39A1DA86B4D00D632E1 /* UIColor+Util.swift in Sources */ = {isa = PBXBuildFile; fileRef = 6B52B3991DA86B4D00D632E1 /* UIColor+Util.swift */; };
		6B52B39C1DA86D7000D632E1 /* MonotoringStoryboard.storyboard in Resources */ = {isa = PBXBuildFile; fileRef = 6B52B39B1DA86D7000D632E1 /* MonotoringStoryboard.storyboard */; };
		6B52B39E1DA86D8600D632E1 /* IdentificationStoryboard.storyboard in Resources */ = {isa = PBXBuildFile; fileRef = 6B52B39D1DA86D8600D632E1 /* IdentificationStoryboard.storyboard */; };
		6B52B3A01DA86D8E00D632E1 /* MapStoryboard.storyboard in Resources */ = {isa = PBXBuildFile; fileRef = 6B52B39F1DA86D8E00D632E1 /* MapStoryboard.storyboard */; };
		6B52B3A21DA86DDB00D632E1 /* MapMainViewController.swift in Sources */ = {isa = PBXBuildFile; fileRef = 6B52B3A11DA86DDB00D632E1 /* MapMainViewController.swift */; };
		6B52B3A61DA86DEB00D632E1 /* MonitoringMainViewController.swift in Sources */ = {isa = PBXBuildFile; fileRef = 6B52B3A51DA86DEB00D632E1 /* MonitoringMainViewController.swift */; };
		6B52B3A91DA87A2900D632E1 /* IdentificationMainTableViewCell.swift in Sources */ = {isa = PBXBuildFile; fileRef = 6B52B3A71DA87A2900D632E1 /* IdentificationMainTableViewCell.swift */; };
		6B52B3AA1DA87A2900D632E1 /* IdentificationMainTableViewCell.xib in Resources */ = {isa = PBXBuildFile; fileRef = 6B52B3A81DA87A2900D632E1 /* IdentificationMainTableViewCell.xib */; };
		6B52B3AD1DA920F300D632E1 /* ColorPalette.swift in Sources */ = {isa = PBXBuildFile; fileRef = 6B52B3AC1DA920F300D632E1 /* ColorPalette.swift */; };
		6B52B3B01DA922C500D632E1 /* CoreLocation.framework in Frameworks */ = {isa = PBXBuildFile; fileRef = 6B52B3AF1DA922C400D632E1 /* CoreLocation.framework */; };
		6B52B3B71DA9323800D632E1 /* MonitoringInfoTableViewCell.swift in Sources */ = {isa = PBXBuildFile; fileRef = 6B52B3B51DA9323800D632E1 /* MonitoringInfoTableViewCell.swift */; };
		6B52B3B81DA9323800D632E1 /* MonitoringInfoTableViewCell.xib in Resources */ = {isa = PBXBuildFile; fileRef = 6B52B3B61DA9323800D632E1 /* MonitoringInfoTableViewCell.xib */; };
		6B52B3BB1DA941EA00D632E1 /* MonitoringNotificationViewController.swift in Sources */ = {isa = PBXBuildFile; fileRef = 6B52B3BA1DA941EA00D632E1 /* MonitoringNotificationViewController.swift */; };
		6B52B3BE1DA9708600D632E1 /* PaperOnboarding.framework in Frameworks */ = {isa = PBXBuildFile; fileRef = 6B52B3BC1DA9707000D632E1 /* PaperOnboarding.framework */; };
		6B52B3C31DA975A900D632E1 /* OnboardingStoryboard.storyboard in Resources */ = {isa = PBXBuildFile; fileRef = 6B52B3C21DA975A900D632E1 /* OnboardingStoryboard.storyboard */; };
		6B52B3C51DA975DA00D632E1 /* QPestTermsViewController.swift in Sources */ = {isa = PBXBuildFile; fileRef = 6B52B3C41DA975DA00D632E1 /* QPestTermsViewController.swift */; };
		6B52B3C71DA975E800D632E1 /* QPestPaperOnboardingViewController.swift in Sources */ = {isa = PBXBuildFile; fileRef = 6B52B3C61DA975E800D632E1 /* QPestPaperOnboardingViewController.swift */; };
		6B52B3CB1DA9E72200D632E1 /* terms.txt in Resources */ = {isa = PBXBuildFile; fileRef = 6B52B3CA1DA9E72200D632E1 /* terms.txt */; };
		6B52B3D41DAA8D1B00D632E1 /* SurveyMainViewController.swift in Sources */ = {isa = PBXBuildFile; fileRef = 6B52B3D31DAA8D1B00D632E1 /* SurveyMainViewController.swift */; };
		6B52B3D81DAA912C00D632E1 /* MonitoringLog.swift in Sources */ = {isa = PBXBuildFile; fileRef = 6B52B3D71DAA912C00D632E1 /* MonitoringLog.swift */; };
		6B52B3DA1DAA91B100D632E1 /* MonitoringLogDataSource.swift in Sources */ = {isa = PBXBuildFile; fileRef = 6B52B3D91DAA91B100D632E1 /* MonitoringLogDataSource.swift */; };
		6B52B3DF1DAA946A00D632E1 /* IdentificationManualViewController.swift in Sources */ = {isa = PBXBuildFile; fileRef = 6B52B3DE1DAA946A00D632E1 /* IdentificationManualViewController.swift */; };
		6B7072FC1DB5C7AD005ABB31 /* MonitoringHeaderTableViewCell.swift in Sources */ = {isa = PBXBuildFile; fileRef = 6B7072FA1DB5C7AD005ABB31 /* MonitoringHeaderTableViewCell.swift */; };
		6B7072FD1DB5C7AD005ABB31 /* MonitoringHeaderTableViewCell.xib in Resources */ = {isa = PBXBuildFile; fileRef = 6B7072FB1DB5C7AD005ABB31 /* MonitoringHeaderTableViewCell.xib */; };
		6B7073001DB5D274005ABB31 /* MonitoringSingleViewController.swift in Sources */ = {isa = PBXBuildFile; fileRef = 6B7072FF1DB5D274005ABB31 /* MonitoringSingleViewController.swift */; };
		6B7073031DB5D493005ABB31 /* MonitoringImageTableViewCell.swift in Sources */ = {isa = PBXBuildFile; fileRef = 6B7073011DB5D493005ABB31 /* MonitoringImageTableViewCell.swift */; };
		6B7073041DB5D493005ABB31 /* MonitoringImageTableViewCell.xib in Resources */ = {isa = PBXBuildFile; fileRef = 6B7073021DB5D493005ABB31 /* MonitoringImageTableViewCell.xib */; };
		6B7073071DB643CF005ABB31 /* MonitoringAddNewLogViewController.swift in Sources */ = {isa = PBXBuildFile; fileRef = 6B7073061DB643CF005ABB31 /* MonitoringAddNewLogViewController.swift */; };
		6B70730F1DB64934005ABB31 /* TextFieldEffects.framework in Frameworks */ = {isa = PBXBuildFile; fileRef = 6B70730E1DB64934005ABB31 /* TextFieldEffects.framework */; };
		6B7073111DB64BFF005ABB31 /* UIViewController+Util.swift in Sources */ = {isa = PBXBuildFile; fileRef = 6B7073101DB64BFF005ABB31 /* UIViewController+Util.swift */; };
		6B7073141DB65627005ABB31 /* MapConfigurationViewController.swift in Sources */ = {isa = PBXBuildFile; fileRef = 6B7073131DB65627005ABB31 /* MapConfigurationViewController.swift */; };
		6B7073161DB68A99005ABB31 /* ConfigurationStandards.swift in Sources */ = {isa = PBXBuildFile; fileRef = 6B7073151DB68A99005ABB31 /* ConfigurationStandards.swift */; };
		6B7073191DB6B711005ABB31 /* CircleMenu.framework in Frameworks */ = {isa = PBXBuildFile; fileRef = 6B7073181DB6B711005ABB31 /* CircleMenu.framework */; };
		6B70731C1DB6B873005ABB31 /* IdentificationMenuViewController.swift in Sources */ = {isa = PBXBuildFile; fileRef = 6B70731B1DB6B873005ABB31 /* IdentificationMenuViewController.swift */; };
		DD0376731DB712E800FF0B24 /* IdentificationMainViewController.swift in Sources */ = {isa = PBXBuildFile; fileRef = DD0376721DB712E800FF0B24 /* IdentificationMainViewController.swift */; };
		DD0376761DB7988F00FF0B24 /* MapAnnotationViewController.swift in Sources */ = {isa = PBXBuildFile; fileRef = DD0376751DB7988F00FF0B24 /* MapAnnotationViewController.swift */; };
		DD06DF381DAAE4B100BAC1A2 /* ImageViewController.swift in Sources */ = {isa = PBXBuildFile; fileRef = DD06DF371DAAE4B100BAC1A2 /* ImageViewController.swift */; };
		DD06DF401DAAFE0A00BAC1A2 /* ViewController.swift in Sources */ = {isa = PBXBuildFile; fileRef = DD06DF3F1DAAFE0A00BAC1A2 /* ViewController.swift */; };
		DD335FE21DB3DB8B00E60952 /* opencv2.framework in Frameworks */ = {isa = PBXBuildFile; fileRef = DD335FE11DB3DB8A00E60952 /* opencv2.framework */; };
		DDED5ABE1DB3DD77009DAF69 /* OpenCVWrapper.mm in Sources */ = {isa = PBXBuildFile; fileRef = DDED5ABD1DB3DD77009DAF69 /* OpenCVWrapper.mm */; };
		DDED5AC01DB3E34D009DAF69 /* haarcascade_frontalface_alt_tree.xml in Resources */ = {isa = PBXBuildFile; fileRef = DDED5ABF1DB3E34D009DAF69 /* haarcascade_frontalface_alt_tree.xml */; };
		DDFA2AC11DAAB76100BEF766 /* CameraManager.framework in Frameworks */ = {isa = PBXBuildFile; fileRef = DDFA2AC01DAAB76100BEF766 /* CameraManager.framework */; };
		DDFA2AC61DAACC3A00BEF766 /* CameraViewController.swift in Sources */ = {isa = PBXBuildFile; fileRef = DDFA2AC51DAACC3A00BEF766 /* CameraViewController.swift */; };
/* End PBXBuildFile section */

/* Begin PBXFileReference section */
		6B52B3711DA8676B00D632E1 /* QPest.app */ = {isa = PBXFileReference; explicitFileType = wrapper.application; includeInIndex = 0; path = QPest.app; sourceTree = BUILT_PRODUCTS_DIR; };
		6B52B3741DA8676B00D632E1 /* AppDelegate.swift */ = {isa = PBXFileReference; lastKnownFileType = sourcecode.swift; path = AppDelegate.swift; sourceTree = "<group>"; };
		6B52B37B1DA8676B00D632E1 /* Assets.xcassets */ = {isa = PBXFileReference; lastKnownFileType = folder.assetcatalog; path = Assets.xcassets; sourceTree = "<group>"; };
		6B52B37E1DA8676B00D632E1 /* Base */ = {isa = PBXFileReference; lastKnownFileType = file.storyboard; name = Base; path = Base.lproj/LaunchScreen.storyboard; sourceTree = "<group>"; };
		6B52B3801DA8676B00D632E1 /* Info.plist */ = {isa = PBXFileReference; lastKnownFileType = text.plist.xml; path = Info.plist; sourceTree = "<group>"; };
		6B52B38A1DA869DD00D632E1 /* QPestTabBar.storyboard */ = {isa = PBXFileReference; fileEncoding = 4; lastKnownFileType = file.storyboard; path = QPestTabBar.storyboard; sourceTree = "<group>"; };
		6B52B38C1DA86A1900D632E1 /* QPestTabBarController.swift */ = {isa = PBXFileReference; fileEncoding = 4; lastKnownFileType = sourcecode.swift; path = QPestTabBarController.swift; sourceTree = "<group>"; };
		6B52B3901DA86A7400D632E1 /* CustomTabBar.swift */ = {isa = PBXFileReference; fileEncoding = 4; lastKnownFileType = sourcecode.swift; path = CustomTabBar.swift; sourceTree = "<group>"; };
		6B52B3931DA86AAB00D632E1 /* CustomTabBarItem.swift */ = {isa = PBXFileReference; fileEncoding = 4; lastKnownFileType = sourcecode.swift; path = CustomTabBarItem.swift; sourceTree = "<group>"; };
		6B52B3951DA86AB300D632E1 /* CustomTabAnimatedTransitioning.swift */ = {isa = PBXFileReference; fileEncoding = 4; lastKnownFileType = sourcecode.swift; path = CustomTabAnimatedTransitioning.swift; sourceTree = "<group>"; };
		6B52B3971DA86AF900D632E1 /* QPestIOSUtil.swift */ = {isa = PBXFileReference; fileEncoding = 4; lastKnownFileType = sourcecode.swift; path = QPestIOSUtil.swift; sourceTree = "<group>"; };
		6B52B3991DA86B4D00D632E1 /* UIColor+Util.swift */ = {isa = PBXFileReference; fileEncoding = 4; lastKnownFileType = sourcecode.swift; path = "UIColor+Util.swift"; sourceTree = "<group>"; };
		6B52B39B1DA86D7000D632E1 /* MonotoringStoryboard.storyboard */ = {isa = PBXFileReference; fileEncoding = 4; lastKnownFileType = file.storyboard; path = MonotoringStoryboard.storyboard; sourceTree = "<group>"; };
		6B52B39D1DA86D8600D632E1 /* IdentificationStoryboard.storyboard */ = {isa = PBXFileReference; fileEncoding = 4; lastKnownFileType = file.storyboard; path = IdentificationStoryboard.storyboard; sourceTree = "<group>"; };
		6B52B39F1DA86D8E00D632E1 /* MapStoryboard.storyboard */ = {isa = PBXFileReference; fileEncoding = 4; lastKnownFileType = file.storyboard; path = MapStoryboard.storyboard; sourceTree = "<group>"; };
		6B52B3A11DA86DDB00D632E1 /* MapMainViewController.swift */ = {isa = PBXFileReference; fileEncoding = 4; lastKnownFileType = sourcecode.swift; path = MapMainViewController.swift; sourceTree = "<group>"; };
		6B52B3A51DA86DEB00D632E1 /* MonitoringMainViewController.swift */ = {isa = PBXFileReference; fileEncoding = 4; lastKnownFileType = sourcecode.swift; path = MonitoringMainViewController.swift; sourceTree = "<group>"; };
		6B52B3A71DA87A2900D632E1 /* IdentificationMainTableViewCell.swift */ = {isa = PBXFileReference; fileEncoding = 4; lastKnownFileType = sourcecode.swift; path = IdentificationMainTableViewCell.swift; sourceTree = "<group>"; };
		6B52B3A81DA87A2900D632E1 /* IdentificationMainTableViewCell.xib */ = {isa = PBXFileReference; fileEncoding = 4; lastKnownFileType = file.xib; path = IdentificationMainTableViewCell.xib; sourceTree = "<group>"; };
		6B52B3AC1DA920F300D632E1 /* ColorPalette.swift */ = {isa = PBXFileReference; fileEncoding = 4; lastKnownFileType = sourcecode.swift; path = ColorPalette.swift; sourceTree = "<group>"; };
		6B52B3AF1DA922C400D632E1 /* CoreLocation.framework */ = {isa = PBXFileReference; lastKnownFileType = wrapper.framework; name = CoreLocation.framework; path = System/Library/Frameworks/CoreLocation.framework; sourceTree = SDKROOT; };
		6B52B3B51DA9323800D632E1 /* MonitoringInfoTableViewCell.swift */ = {isa = PBXFileReference; fileEncoding = 4; lastKnownFileType = sourcecode.swift; path = MonitoringInfoTableViewCell.swift; sourceTree = "<group>"; };
		6B52B3B61DA9323800D632E1 /* MonitoringInfoTableViewCell.xib */ = {isa = PBXFileReference; fileEncoding = 4; lastKnownFileType = file.xib; path = MonitoringInfoTableViewCell.xib; sourceTree = "<group>"; };
		6B52B3BA1DA941EA00D632E1 /* MonitoringNotificationViewController.swift */ = {isa = PBXFileReference; fileEncoding = 4; lastKnownFileType = sourcecode.swift; path = MonitoringNotificationViewController.swift; sourceTree = "<group>"; };
		6B52B3BC1DA9707000D632E1 /* PaperOnboarding.framework */ = {isa = PBXFileReference; lastKnownFileType = wrapper.framework; name = PaperOnboarding.framework; path = Carthage/Build/iOS/PaperOnboarding.framework; sourceTree = "<group>"; };
		6B52B3C21DA975A900D632E1 /* OnboardingStoryboard.storyboard */ = {isa = PBXFileReference; fileEncoding = 4; lastKnownFileType = file.storyboard; path = OnboardingStoryboard.storyboard; sourceTree = "<group>"; };
		6B52B3C41DA975DA00D632E1 /* QPestTermsViewController.swift */ = {isa = PBXFileReference; fileEncoding = 4; lastKnownFileType = sourcecode.swift; path = QPestTermsViewController.swift; sourceTree = "<group>"; };
		6B52B3C61DA975E800D632E1 /* QPestPaperOnboardingViewController.swift */ = {isa = PBXFileReference; fileEncoding = 4; lastKnownFileType = sourcecode.swift; path = QPestPaperOnboardingViewController.swift; sourceTree = "<group>"; };
		6B52B3CA1DA9E72200D632E1 /* terms.txt */ = {isa = PBXFileReference; fileEncoding = 4; lastKnownFileType = text; path = terms.txt; sourceTree = "<group>"; };
		6B52B3D31DAA8D1B00D632E1 /* SurveyMainViewController.swift */ = {isa = PBXFileReference; fileEncoding = 4; lastKnownFileType = sourcecode.swift; path = SurveyMainViewController.swift; sourceTree = "<group>"; };
		6B52B3D71DAA912C00D632E1 /* MonitoringLog.swift */ = {isa = PBXFileReference; fileEncoding = 4; lastKnownFileType = sourcecode.swift; path = MonitoringLog.swift; sourceTree = "<group>"; };
		6B52B3D91DAA91B100D632E1 /* MonitoringLogDataSource.swift */ = {isa = PBXFileReference; fileEncoding = 4; lastKnownFileType = sourcecode.swift; path = MonitoringLogDataSource.swift; sourceTree = "<group>"; };
		6B52B3DE1DAA946A00D632E1 /* IdentificationManualViewController.swift */ = {isa = PBXFileReference; fileEncoding = 4; lastKnownFileType = sourcecode.swift; path = IdentificationManualViewController.swift; sourceTree = "<group>"; };
		6B7072FA1DB5C7AD005ABB31 /* MonitoringHeaderTableViewCell.swift */ = {isa = PBXFileReference; fileEncoding = 4; lastKnownFileType = sourcecode.swift; path = MonitoringHeaderTableViewCell.swift; sourceTree = "<group>"; };
		6B7072FB1DB5C7AD005ABB31 /* MonitoringHeaderTableViewCell.xib */ = {isa = PBXFileReference; fileEncoding = 4; lastKnownFileType = file.xib; path = MonitoringHeaderTableViewCell.xib; sourceTree = "<group>"; };
		6B7072FF1DB5D274005ABB31 /* MonitoringSingleViewController.swift */ = {isa = PBXFileReference; fileEncoding = 4; lastKnownFileType = sourcecode.swift; path = MonitoringSingleViewController.swift; sourceTree = "<group>"; };
		6B7073011DB5D493005ABB31 /* MonitoringImageTableViewCell.swift */ = {isa = PBXFileReference; fileEncoding = 4; lastKnownFileType = sourcecode.swift; path = MonitoringImageTableViewCell.swift; sourceTree = "<group>"; };
		6B7073021DB5D493005ABB31 /* MonitoringImageTableViewCell.xib */ = {isa = PBXFileReference; fileEncoding = 4; lastKnownFileType = file.xib; path = MonitoringImageTableViewCell.xib; sourceTree = "<group>"; };
		6B7073061DB643CF005ABB31 /* MonitoringAddNewLogViewController.swift */ = {isa = PBXFileReference; fileEncoding = 4; lastKnownFileType = sourcecode.swift; path = MonitoringAddNewLogViewController.swift; sourceTree = "<group>"; };
		6B70730E1DB64934005ABB31 /* TextFieldEffects.framework */ = {isa = PBXFileReference; lastKnownFileType = wrapper.framework; name = TextFieldEffects.framework; path = Carthage/Build/iOS/TextFieldEffects.framework; sourceTree = "<group>"; };
		6B7073101DB64BFF005ABB31 /* UIViewController+Util.swift */ = {isa = PBXFileReference; fileEncoding = 4; lastKnownFileType = sourcecode.swift; path = "UIViewController+Util.swift"; sourceTree = "<group>"; };
		6B7073131DB65627005ABB31 /* MapConfigurationViewController.swift */ = {isa = PBXFileReference; fileEncoding = 4; lastKnownFileType = sourcecode.swift; path = MapConfigurationViewController.swift; sourceTree = "<group>"; };
		6B7073151DB68A99005ABB31 /* ConfigurationStandards.swift */ = {isa = PBXFileReference; fileEncoding = 4; lastKnownFileType = sourcecode.swift; path = ConfigurationStandards.swift; sourceTree = "<group>"; };
		6B7073171DB69E30005ABB31 /* QPest.entitlements */ = {isa = PBXFileReference; lastKnownFileType = text.plist.entitlements; path = QPest.entitlements; sourceTree = "<group>"; };
		6B7073181DB6B711005ABB31 /* CircleMenu.framework */ = {isa = PBXFileReference; lastKnownFileType = wrapper.framework; name = CircleMenu.framework; path = Carthage/Build/iOS/CircleMenu.framework; sourceTree = "<group>"; };
		6B70731B1DB6B873005ABB31 /* IdentificationMenuViewController.swift */ = {isa = PBXFileReference; fileEncoding = 4; lastKnownFileType = sourcecode.swift; path = IdentificationMenuViewController.swift; sourceTree = "<group>"; };
		DD0376721DB712E800FF0B24 /* IdentificationMainViewController.swift */ = {isa = PBXFileReference; fileEncoding = 4; lastKnownFileType = sourcecode.swift; path = IdentificationMainViewController.swift; sourceTree = "<group>"; };
		DD0376751DB7988F00FF0B24 /* MapAnnotationViewController.swift */ = {isa = PBXFileReference; fileEncoding = 4; lastKnownFileType = sourcecode.swift; path = MapAnnotationViewController.swift; sourceTree = "<group>"; };
		DD06DF371DAAE4B100BAC1A2 /* ImageViewController.swift */ = {isa = PBXFileReference; fileEncoding = 4; lastKnownFileType = sourcecode.swift; path = ImageViewController.swift; sourceTree = "<group>"; };
		DD06DF3F1DAAFE0A00BAC1A2 /* ViewController.swift */ = {isa = PBXFileReference; fileEncoding = 4; lastKnownFileType = sourcecode.swift; path = ViewController.swift; sourceTree = "<group>"; };
		DD335FE11DB3DB8A00E60952 /* opencv2.framework */ = {isa = PBXFileReference; lastKnownFileType = wrapper.framework; name = opencv2.framework; path = QPest/opencv2.framework; sourceTree = "<group>"; };
		DDED5ABB1DB3DD76009DAF69 /* QPest-Bridging-Header.h */ = {isa = PBXFileReference; lastKnownFileType = sourcecode.c.h; path = "QPest-Bridging-Header.h"; sourceTree = "<group>"; };
		DDED5ABC1DB3DD77009DAF69 /* OpenCVWrapper.h */ = {isa = PBXFileReference; fileEncoding = 4; lastKnownFileType = sourcecode.c.h; path = OpenCVWrapper.h; sourceTree = "<group>"; };
		DDED5ABD1DB3DD77009DAF69 /* OpenCVWrapper.mm */ = {isa = PBXFileReference; fileEncoding = 4; lastKnownFileType = sourcecode.cpp.objcpp; path = OpenCVWrapper.mm; sourceTree = "<group>"; };
		DDED5ABF1DB3E34D009DAF69 /* haarcascade_frontalface_alt_tree.xml */ = {isa = PBXFileReference; fileEncoding = 4; lastKnownFileType = text.xml; path = haarcascade_frontalface_alt_tree.xml; sourceTree = "<group>"; };
		DDFA2AC01DAAB76100BEF766 /* CameraManager.framework */ = {isa = PBXFileReference; lastKnownFileType = wrapper.framework; name = CameraManager.framework; path = Carthage/Build/iOS/CameraManager.framework; sourceTree = "<group>"; };
		DDFA2AC51DAACC3A00BEF766 /* CameraViewController.swift */ = {isa = PBXFileReference; fileEncoding = 4; lastKnownFileType = sourcecode.swift; path = CameraViewController.swift; sourceTree = "<group>"; };
/* End PBXFileReference section */

/* Begin PBXFrameworksBuildPhase section */
		6B52B36E1DA8676B00D632E1 /* Frameworks */ = {
			isa = PBXFrameworksBuildPhase;
			buildActionMask = 2147483647;
			files = (
				6B52B3BE1DA9708600D632E1 /* PaperOnboarding.framework in Frameworks */,
				6B52B3B01DA922C500D632E1 /* CoreLocation.framework in Frameworks */,
				6B70730F1DB64934005ABB31 /* TextFieldEffects.framework in Frameworks */,
				6B7073191DB6B711005ABB31 /* CircleMenu.framework in Frameworks */,
				DD335FE21DB3DB8B00E60952 /* opencv2.framework in Frameworks */,
				DDFA2AC11DAAB76100BEF766 /* CameraManager.framework in Frameworks */,
			);
			runOnlyForDeploymentPostprocessing = 0;
		};
/* End PBXFrameworksBuildPhase section */

/* Begin PBXGroup section */
		6B52B3681DA8676B00D632E1 = {
			isa = PBXGroup;
			children = (
				6B52B3731DA8676B00D632E1 /* QPest */,
				6B52B3721DA8676B00D632E1 /* Products */,
				6B52B3AE1DA922C400D632E1 /* Frameworks */,
			);
			sourceTree = "<group>";
		};
		6B52B3721DA8676B00D632E1 /* Products */ = {
			isa = PBXGroup;
			children = (
				6B52B3711DA8676B00D632E1 /* QPest.app */,
			);
			name = Products;
			sourceTree = "<group>";
		};
		6B52B3731DA8676B00D632E1 /* QPest */ = {
			isa = PBXGroup;
			children = (
				6B7073171DB69E30005ABB31 /* QPest.entitlements */,
				DDED5ABA1DB3DCE1009DAF69 /* Bridge */,
				6B52B3D11DAA8C8900D632E1 /* Delegate and Util */,
				6B52B3DB1DAA92C400D632E1 /* Model */,
				6B52B38E1DA86A1F00D632E1 /* Initial Tab Bar */,
				6B52B3881DA867DF00D632E1 /* Monitoring */,
				6B52B3871DA867D300D632E1 /* Identification */,
				6B52B3861DA867CF00D632E1 /* Map */,
				6B52B3D21DAA8CDD00D632E1 /* Survey */,
				6B52B3C11DA9759100D632E1 /* Onboarding */,
				6B52B3CC1DAA8BC200D632E1 /* FrontEnd Extensions */,
				6B52B38F1DA86A2900D632E1 /* Others */,
			);
			path = QPest;
			sourceTree = "<group>";
		};
		6B52B3861DA867CF00D632E1 /* Map */ = {
			isa = PBXGroup;
			children = (
				DD0376741DB7987A00FF0B24 /* Annotation */,
				6B52B39F1DA86D8E00D632E1 /* MapStoryboard.storyboard */,
				6B52B3D01DAA8C4C00D632E1 /* Main */,
				6B7073121DB6560E005ABB31 /* Configuration */,
			);
			name = Map;
			sourceTree = "<group>";
		};
		6B52B3871DA867D300D632E1 /* Identification */ = {
			isa = PBXGroup;
			children = (
				6B52B39D1DA86D8600D632E1 /* IdentificationStoryboard.storyboard */,
				DD06DF3A1DAAF46600BAC1A2 /* Camera */,
				6B52B3CF1DAA8C3700D632E1 /* Main */,
				6B70731A1DB6B83C005ABB31 /* Menu */,
				6B52B3DD1DAA945500D632E1 /* Manual */,
			);
			name = Identification;
			sourceTree = "<group>";
		};
		6B52B3881DA867DF00D632E1 /* Monitoring */ = {
			isa = PBXGroup;
			children = (
				6B52B39B1DA86D7000D632E1 /* MonotoringStoryboard.storyboard */,
				6B52B3CD1DAA8C0400D632E1 /* Main */,
				6B7073081DB643D3005ABB31 /* Add New */,
				6B7072FE1DB5D257005ABB31 /* MonitoringSingleViewController */,
				6B52B3CE1DAA8C1E00D632E1 /* Notification */,
			);
			name = Monitoring;
			sourceTree = "<group>";
		};
		6B52B38E1DA86A1F00D632E1 /* Initial Tab Bar */ = {
			isa = PBXGroup;
			children = (
				6B52B38A1DA869DD00D632E1 /* QPestTabBar.storyboard */,
				6B52B38C1DA86A1900D632E1 /* QPestTabBarController.swift */,
				6B52B3921DA86A7E00D632E1 /* Custom Tab Bar  */,
			);
			name = "Initial Tab Bar";
			sourceTree = "<group>";
		};
		6B52B38F1DA86A2900D632E1 /* Others */ = {
			isa = PBXGroup;
			children = (
				DDED5ABF1DB3E34D009DAF69 /* haarcascade_frontalface_alt_tree.xml */,
				6B52B37D1DA8676B00D632E1 /* LaunchScreen.storyboard */,
				6B52B3801DA8676B00D632E1 /* Info.plist */,
				6B52B3CA1DA9E72200D632E1 /* terms.txt */,
			);
			name = Others;
			sourceTree = "<group>";
		};
		6B52B3921DA86A7E00D632E1 /* Custom Tab Bar  */ = {
			isa = PBXGroup;
			children = (
				6B52B3901DA86A7400D632E1 /* CustomTabBar.swift */,
				6B52B3931DA86AAB00D632E1 /* CustomTabBarItem.swift */,
				6B52B3951DA86AB300D632E1 /* CustomTabAnimatedTransitioning.swift */,
			);
			name = "Custom Tab Bar ";
			sourceTree = "<group>";
		};
		6B52B3AB1DA87A5C00D632E1 /* Main Table View Cell */ = {
			isa = PBXGroup;
			children = (
				6B52B3A71DA87A2900D632E1 /* IdentificationMainTableViewCell.swift */,
				6B52B3A81DA87A2900D632E1 /* IdentificationMainTableViewCell.xib */,
			);
			name = "Main Table View Cell";
			sourceTree = "<group>";
		};
		6B52B3AE1DA922C400D632E1 /* Frameworks */ = {
			isa = PBXGroup;
			children = (
				6B7073181DB6B711005ABB31 /* CircleMenu.framework */,
				6B70730E1DB64934005ABB31 /* TextFieldEffects.framework */,
				DD335FE11DB3DB8A00E60952 /* opencv2.framework */,
				DDFA2AC01DAAB76100BEF766 /* CameraManager.framework */,
				6B52B3BC1DA9707000D632E1 /* PaperOnboarding.framework */,
				6B52B3AF1DA922C400D632E1 /* CoreLocation.framework */,
			);
			name = Frameworks;
			sourceTree = "<group>";
		};
		6B52B3B91DA9323E00D632E1 /* Table View */ = {
			isa = PBXGroup;
			children = (
				6B52B3B51DA9323800D632E1 /* MonitoringInfoTableViewCell.swift */,
				6B52B3B61DA9323800D632E1 /* MonitoringInfoTableViewCell.xib */,
				6B7072FA1DB5C7AD005ABB31 /* MonitoringHeaderTableViewCell.swift */,
				6B7072FB1DB5C7AD005ABB31 /* MonitoringHeaderTableViewCell.xib */,
			);
			name = "Table View";
			sourceTree = "<group>";
		};
		6B52B3C11DA9759100D632E1 /* Onboarding */ = {
			isa = PBXGroup;
			children = (
				6B52B3C21DA975A900D632E1 /* OnboardingStoryboard.storyboard */,
				6B52B3C61DA975E800D632E1 /* QPestPaperOnboardingViewController.swift */,
				6B52B3C41DA975DA00D632E1 /* QPestTermsViewController.swift */,
			);
			name = Onboarding;
			sourceTree = "<group>";
		};
		6B52B3CC1DAA8BC200D632E1 /* FrontEnd Extensions */ = {
			isa = PBXGroup;
			children = (
				6B7073091DB64544005ABB31 /* Custom Text Field */,
				6B52B3991DA86B4D00D632E1 /* UIColor+Util.swift */,
				6B7073101DB64BFF005ABB31 /* UIViewController+Util.swift */,
				6B52B3AC1DA920F300D632E1 /* ColorPalette.swift */,
				6B52B37B1DA8676B00D632E1 /* Assets.xcassets */,
			);
			name = "FrontEnd Extensions";
			sourceTree = "<group>";
		};
		6B52B3CD1DAA8C0400D632E1 /* Main */ = {
			isa = PBXGroup;
			children = (
				6B52B3A51DA86DEB00D632E1 /* MonitoringMainViewController.swift */,
				6B52B3B91DA9323E00D632E1 /* Table View */,
			);
			name = Main;
			sourceTree = "<group>";
		};
		6B52B3CE1DAA8C1E00D632E1 /* Notification */ = {
			isa = PBXGroup;
			children = (
				6B52B3BA1DA941EA00D632E1 /* MonitoringNotificationViewController.swift */,
			);
			name = Notification;
			sourceTree = "<group>";
		};
		6B52B3CF1DAA8C3700D632E1 /* Main */ = {
			isa = PBXGroup;
			children = (
				DD0376721DB712E800FF0B24 /* IdentificationMainViewController.swift */,
				DD06DF3F1DAAFE0A00BAC1A2 /* ViewController.swift */,
				6B52B3AB1DA87A5C00D632E1 /* Main Table View Cell */,
			);
			name = Main;
			sourceTree = "<group>";
		};
		6B52B3D01DAA8C4C00D632E1 /* Main */ = {
			isa = PBXGroup;
			children = (
				6B52B3A11DA86DDB00D632E1 /* MapMainViewController.swift */,
			);
			name = Main;
			sourceTree = "<group>";
		};
		6B52B3D11DAA8C8900D632E1 /* Delegate and Util */ = {
			isa = PBXGroup;
			children = (
				6B52B3741DA8676B00D632E1 /* AppDelegate.swift */,
				6B52B3971DA86AF900D632E1 /* QPestIOSUtil.swift */,
				6B7073151DB68A99005ABB31 /* ConfigurationStandards.swift */,
			);
			name = "Delegate and Util";
			sourceTree = "<group>";
		};
		6B52B3D21DAA8CDD00D632E1 /* Survey */ = {
			isa = PBXGroup;
			children = (
				6B52B3D51DAA8D3C00D632E1 /* Main */,
			);
			name = Survey;
			sourceTree = "<group>";
		};
		6B52B3D51DAA8D3C00D632E1 /* Main */ = {
			isa = PBXGroup;
			children = (
				6B52B3D31DAA8D1B00D632E1 /* SurveyMainViewController.swift */,
			);
			name = Main;
			sourceTree = "<group>";
		};
		6B52B3D61DAA90A700D632E1 /* Monitoring Model */ = {
			isa = PBXGroup;
			children = (
				6B52B3D71DAA912C00D632E1 /* MonitoringLog.swift */,
				6B52B3D91DAA91B100D632E1 /* MonitoringLogDataSource.swift */,
			);
			name = "Monitoring Model";
			sourceTree = "<group>";
		};
		6B52B3DB1DAA92C400D632E1 /* Model */ = {
			isa = PBXGroup;
			children = (
				6B52B3D61DAA90A700D632E1 /* Monitoring Model */,
			);
			name = Model;
			sourceTree = "<group>";
		};
		6B52B3DD1DAA945500D632E1 /* Manual */ = {
			isa = PBXGroup;
			children = (
				6B52B3DE1DAA946A00D632E1 /* IdentificationManualViewController.swift */,
			);
			name = Manual;
			sourceTree = "<group>";
		};
		6B7072FE1DB5D257005ABB31 /* MonitoringSingleViewController */ = {
			isa = PBXGroup;
			children = (
				6B7072FF1DB5D274005ABB31 /* MonitoringSingleViewController.swift */,
				6B7073051DB5D499005ABB31 /* Image */,
			);
			name = MonitoringSingleViewController;
			sourceTree = "<group>";
		};
		6B7073051DB5D499005ABB31 /* Image */ = {
			isa = PBXGroup;
			children = (
				6B7073011DB5D493005ABB31 /* MonitoringImageTableViewCell.swift */,
				6B7073021DB5D493005ABB31 /* MonitoringImageTableViewCell.xib */,
			);
			name = Image;
			sourceTree = "<group>";
		};
		6B7073081DB643D3005ABB31 /* Add New */ = {
			isa = PBXGroup;
			children = (
				6B7073061DB643CF005ABB31 /* MonitoringAddNewLogViewController.swift */,
			);
			name = "Add New";
			sourceTree = "<group>";
		};
		6B7073091DB64544005ABB31 /* Custom Text Field */ = {
			isa = PBXGroup;
			children = (
			);
			name = "Custom Text Field";
			sourceTree = "<group>";
		};
		6B7073121DB6560E005ABB31 /* Configuration */ = {
			isa = PBXGroup;
			children = (
				6B7073131DB65627005ABB31 /* MapConfigurationViewController.swift */,
			);
			name = Configuration;
			sourceTree = "<group>";
		};
		6B70731A1DB6B83C005ABB31 /* Menu */ = {
			isa = PBXGroup;
			children = (
				6B70731B1DB6B873005ABB31 /* IdentificationMenuViewController.swift */,
			);
			name = Menu;
			sourceTree = "<group>";
		};
		DD0376741DB7987A00FF0B24 /* Annotation */ = {
			isa = PBXGroup;
			children = (
				DD0376751DB7988F00FF0B24 /* MapAnnotationViewController.swift */,
			);
			name = Annotation;
			sourceTree = "<group>";
		};
		DD06DF3A1DAAF46600BAC1A2 /* Camera */ = {
			isa = PBXGroup;
			children = (
				DDFA2AC51DAACC3A00BEF766 /* CameraViewController.swift */,
				DD06DF371DAAE4B100BAC1A2 /* ImageViewController.swift */,
			);
			name = Camera;
			sourceTree = "<group>";
		};
		DDED5ABA1DB3DCE1009DAF69 /* Bridge */ = {
			isa = PBXGroup;
			children = (
				DDED5ABC1DB3DD77009DAF69 /* OpenCVWrapper.h */,
				DDED5ABD1DB3DD77009DAF69 /* OpenCVWrapper.mm */,
				DDED5ABB1DB3DD76009DAF69 /* QPest-Bridging-Header.h */,
			);
			name = Bridge;
			sourceTree = "<group>";
		};
/* End PBXGroup section */

/* Begin PBXNativeTarget section */
		6B52B3701DA8676B00D632E1 /* QPest */ = {
			isa = PBXNativeTarget;
			buildConfigurationList = 6B52B3831DA8676B00D632E1 /* Build configuration list for PBXNativeTarget "QPest" */;
			buildPhases = (
				6B52B36D1DA8676B00D632E1 /* Sources */,
				6B52B36E1DA8676B00D632E1 /* Frameworks */,
				6B52B36F1DA8676B00D632E1 /* Resources */,
				6B52B3C01DA9710100D632E1 /* ShellScript */,
			);
			buildRules = (
			);
			dependencies = (
			);
			name = QPest;
			productName = QPest;
			productReference = 6B52B3711DA8676B00D632E1 /* QPest.app */;
			productType = "com.apple.product-type.application";
		};
/* End PBXNativeTarget section */

/* Begin PBXProject section */
		6B52B3691DA8676B00D632E1 /* Project object */ = {
			isa = PBXProject;
			attributes = {
				LastSwiftUpdateCheck = 0800;
				LastUpgradeCheck = 0800;
				ORGANIZATIONNAME = "Henrique Dutra";
				TargetAttributes = {
					6B52B3701DA8676B00D632E1 = {
						CreatedOnToolsVersion = 8.0;
						DevelopmentTeam = K82WMR44W3;
						LastSwiftMigration = 0800;
						ProvisioningStyle = Automatic;
						SystemCapabilities = {
							com.apple.Push = {
								enabled = 1;
							};
						};
					};
				};
			};
			buildConfigurationList = 6B52B36C1DA8676B00D632E1 /* Build configuration list for PBXProject "QPest" */;
			compatibilityVersion = "Xcode 3.2";
			developmentRegion = English;
			hasScannedForEncodings = 0;
			knownRegions = (
				en,
				Base,
			);
			mainGroup = 6B52B3681DA8676B00D632E1;
			productRefGroup = 6B52B3721DA8676B00D632E1 /* Products */;
			projectDirPath = "";
			projectRoot = "";
			targets = (
				6B52B3701DA8676B00D632E1 /* QPest */,
			);
		};
/* End PBXProject section */

/* Begin PBXResourcesBuildPhase section */
		6B52B36F1DA8676B00D632E1 /* Resources */ = {
			isa = PBXResourcesBuildPhase;
			buildActionMask = 2147483647;
			files = (
				6B52B3A01DA86D8E00D632E1 /* MapStoryboard.storyboard in Resources */,
				DDED5AC01DB3E34D009DAF69 /* haarcascade_frontalface_alt_tree.xml in Resources */,
				6B52B3B81DA9323800D632E1 /* MonitoringInfoTableViewCell.xib in Resources */,
				6B52B37F1DA8676B00D632E1 /* LaunchScreen.storyboard in Resources */,
				6B52B39E1DA86D8600D632E1 /* IdentificationStoryboard.storyboard in Resources */,
				6B52B3CB1DA9E72200D632E1 /* terms.txt in Resources */,
				6B52B3C31DA975A900D632E1 /* OnboardingStoryboard.storyboard in Resources */,
				6B7073041DB5D493005ABB31 /* MonitoringImageTableViewCell.xib in Resources */,
				6B52B37C1DA8676B00D632E1 /* Assets.xcassets in Resources */,
				6B52B38B1DA869DD00D632E1 /* QPestTabBar.storyboard in Resources */,
				6B52B39C1DA86D7000D632E1 /* MonotoringStoryboard.storyboard in Resources */,
				6B7072FD1DB5C7AD005ABB31 /* MonitoringHeaderTableViewCell.xib in Resources */,
				6B52B3AA1DA87A2900D632E1 /* IdentificationMainTableViewCell.xib in Resources */,
			);
			runOnlyForDeploymentPostprocessing = 0;
		};
/* End PBXResourcesBuildPhase section */

/* Begin PBXShellScriptBuildPhase section */
		6B52B3C01DA9710100D632E1 /* ShellScript */ = {
			isa = PBXShellScriptBuildPhase;
			buildActionMask = 2147483647;
			files = (
			);
			inputPaths = (
				"$(SRCROOT)/Carthage/Build/iOS/PaperOnboarding.framework",
				"$(SRCROOT)/Carthage/Build/iOS/TextFieldEffects.framework",
				"$(SRCROOT)/Carthage/Build/iOS/CircleMenu.framework",
				"$(SRCROOT)/Carthage/Build/iOS/CameraManager.framework",
			);
			outputPaths = (
			);
			runOnlyForDeploymentPostprocessing = 0;
			shellPath = /bin/sh;
			shellScript = "/usr/local/bin/carthage copy-frameworks";
		};
/* End PBXShellScriptBuildPhase section */

/* Begin PBXSourcesBuildPhase section */
		6B52B36D1DA8676B00D632E1 /* Sources */ = {
			isa = PBXSourcesBuildPhase;
			buildActionMask = 2147483647;
			files = (
				6B52B3C71DA975E800D632E1 /* QPestPaperOnboardingViewController.swift in Sources */,
				6B52B3C51DA975DA00D632E1 /* QPestTermsViewController.swift in Sources */,
				6B52B3A91DA87A2900D632E1 /* IdentificationMainTableViewCell.swift in Sources */,
				6B52B3A21DA86DDB00D632E1 /* MapMainViewController.swift in Sources */,
				6B52B38D1DA86A1900D632E1 /* QPestTabBarController.swift in Sources */,
				6B7073111DB64BFF005ABB31 /* UIViewController+Util.swift in Sources */,
				6B7073001DB5D274005ABB31 /* MonitoringSingleViewController.swift in Sources */,
				6B7073031DB5D493005ABB31 /* MonitoringImageTableViewCell.swift in Sources */,
				DD06DF401DAAFE0A00BAC1A2 /* ViewController.swift in Sources */,
				DD06DF381DAAE4B100BAC1A2 /* ImageViewController.swift in Sources */,
				6B52B3961DA86AB300D632E1 /* CustomTabAnimatedTransitioning.swift in Sources */,
				6B7073141DB65627005ABB31 /* MapConfigurationViewController.swift in Sources */,
				6B52B3911DA86A7400D632E1 /* CustomTabBar.swift in Sources */,
				6B7073161DB68A99005ABB31 /* ConfigurationStandards.swift in Sources */,
				6B52B3981DA86AF900D632E1 /* QPestIOSUtil.swift in Sources */,
				DD0376761DB7988F00FF0B24 /* MapAnnotationViewController.swift in Sources */,
				DD0376731DB712E800FF0B24 /* IdentificationMainViewController.swift in Sources */,
				6B7072FC1DB5C7AD005ABB31 /* MonitoringHeaderTableViewCell.swift in Sources */,
				6B70731C1DB6B873005ABB31 /* IdentificationMenuViewController.swift in Sources */,
				DDED5ABE1DB3DD77009DAF69 /* OpenCVWrapper.mm in Sources */,
				6B52B39A1DA86B4D00D632E1 /* UIColor+Util.swift in Sources */,
				6B52B3A61DA86DEB00D632E1 /* MonitoringMainViewController.swift in Sources */,
				DDFA2AC61DAACC3A00BEF766 /* CameraViewController.swift in Sources */,
				6B52B3DA1DAA91B100D632E1 /* MonitoringLogDataSource.swift in Sources */,
				6B7073071DB643CF005ABB31 /* MonitoringAddNewLogViewController.swift in Sources */,
				6B52B3B71DA9323800D632E1 /* MonitoringInfoTableViewCell.swift in Sources */,
				6B52B3BB1DA941EA00D632E1 /* MonitoringNotificationViewController.swift in Sources */,
				6B52B3751DA8676B00D632E1 /* AppDelegate.swift in Sources */,
				6B52B3941DA86AAB00D632E1 /* CustomTabBarItem.swift in Sources */,
				6B52B3D41DAA8D1B00D632E1 /* SurveyMainViewController.swift in Sources */,
				6B52B3AD1DA920F300D632E1 /* ColorPalette.swift in Sources */,
				6B52B3DF1DAA946A00D632E1 /* IdentificationManualViewController.swift in Sources */,
				6B52B3D81DAA912C00D632E1 /* MonitoringLog.swift in Sources */,
			);
			runOnlyForDeploymentPostprocessing = 0;
		};
/* End PBXSourcesBuildPhase section */

/* Begin PBXVariantGroup section */
		6B52B37D1DA8676B00D632E1 /* LaunchScreen.storyboard */ = {
			isa = PBXVariantGroup;
			children = (
				6B52B37E1DA8676B00D632E1 /* Base */,
			);
			name = LaunchScreen.storyboard;
			sourceTree = "<group>";
		};
/* End PBXVariantGroup section */

/* Begin XCBuildConfiguration section */
		6B52B3811DA8676B00D632E1 /* Debug */ = {
			isa = XCBuildConfiguration;
			buildSettings = {
				ALWAYS_SEARCH_USER_PATHS = NO;
				CLANG_ANALYZER_NONNULL = YES;
				CLANG_CXX_LANGUAGE_STANDARD = "gnu++0x";
				CLANG_CXX_LIBRARY = "libc++";
				CLANG_ENABLE_MODULES = YES;
				CLANG_ENABLE_OBJC_ARC = YES;
				CLANG_WARN_BOOL_CONVERSION = YES;
				CLANG_WARN_CONSTANT_CONVERSION = YES;
				CLANG_WARN_DIRECT_OBJC_ISA_USAGE = YES_ERROR;
				CLANG_WARN_DOCUMENTATION_COMMENTS = YES;
				CLANG_WARN_EMPTY_BODY = YES;
				CLANG_WARN_ENUM_CONVERSION = YES;
				CLANG_WARN_INFINITE_RECURSION = YES;
				CLANG_WARN_INT_CONVERSION = YES;
				CLANG_WARN_OBJC_ROOT_CLASS = YES_ERROR;
				CLANG_WARN_SUSPICIOUS_MOVES = YES;
				CLANG_WARN_UNREACHABLE_CODE = YES;
				CLANG_WARN__DUPLICATE_METHOD_MATCH = YES;
				"CODE_SIGN_IDENTITY[sdk=iphoneos*]" = "iPhone Developer";
				COPY_PHASE_STRIP = NO;
				DEBUG_INFORMATION_FORMAT = dwarf;
				ENABLE_STRICT_OBJC_MSGSEND = YES;
				ENABLE_TESTABILITY = YES;
				GCC_C_LANGUAGE_STANDARD = gnu99;
				GCC_DYNAMIC_NO_PIC = NO;
				GCC_NO_COMMON_BLOCKS = YES;
				GCC_OPTIMIZATION_LEVEL = 0;
				GCC_PREPROCESSOR_DEFINITIONS = (
					"DEBUG=1",
					"$(inherited)",
				);
				GCC_WARN_64_TO_32_BIT_CONVERSION = YES;
				GCC_WARN_ABOUT_RETURN_TYPE = YES_ERROR;
				GCC_WARN_UNDECLARED_SELECTOR = YES;
				GCC_WARN_UNINITIALIZED_AUTOS = YES_AGGRESSIVE;
				GCC_WARN_UNUSED_FUNCTION = YES;
				GCC_WARN_UNUSED_VARIABLE = YES;
				IPHONEOS_DEPLOYMENT_TARGET = 10.0;
				MTL_ENABLE_DEBUG_INFO = YES;
				ONLY_ACTIVE_ARCH = YES;
				SDKROOT = iphoneos;
				SWIFT_ACTIVE_COMPILATION_CONDITIONS = DEBUG;
				SWIFT_OPTIMIZATION_LEVEL = "-Onone";
			};
			name = Debug;
		};
		6B52B3821DA8676B00D632E1 /* Release */ = {
			isa = XCBuildConfiguration;
			buildSettings = {
				ALWAYS_SEARCH_USER_PATHS = NO;
				CLANG_ANALYZER_NONNULL = YES;
				CLANG_CXX_LANGUAGE_STANDARD = "gnu++0x";
				CLANG_CXX_LIBRARY = "libc++";
				CLANG_ENABLE_MODULES = YES;
				CLANG_ENABLE_OBJC_ARC = YES;
				CLANG_WARN_BOOL_CONVERSION = YES;
				CLANG_WARN_CONSTANT_CONVERSION = YES;
				CLANG_WARN_DIRECT_OBJC_ISA_USAGE = YES_ERROR;
				CLANG_WARN_DOCUMENTATION_COMMENTS = YES;
				CLANG_WARN_EMPTY_BODY = YES;
				CLANG_WARN_ENUM_CONVERSION = YES;
				CLANG_WARN_INFINITE_RECURSION = YES;
				CLANG_WARN_INT_CONVERSION = YES;
				CLANG_WARN_OBJC_ROOT_CLASS = YES_ERROR;
				CLANG_WARN_SUSPICIOUS_MOVES = YES;
				CLANG_WARN_UNREACHABLE_CODE = YES;
				CLANG_WARN__DUPLICATE_METHOD_MATCH = YES;
				"CODE_SIGN_IDENTITY[sdk=iphoneos*]" = "iPhone Developer";
				COPY_PHASE_STRIP = NO;
				DEBUG_INFORMATION_FORMAT = "dwarf-with-dsym";
				ENABLE_NS_ASSERTIONS = NO;
				ENABLE_STRICT_OBJC_MSGSEND = YES;
				GCC_C_LANGUAGE_STANDARD = gnu99;
				GCC_NO_COMMON_BLOCKS = YES;
				GCC_WARN_64_TO_32_BIT_CONVERSION = YES;
				GCC_WARN_ABOUT_RETURN_TYPE = YES_ERROR;
				GCC_WARN_UNDECLARED_SELECTOR = YES;
				GCC_WARN_UNINITIALIZED_AUTOS = YES_AGGRESSIVE;
				GCC_WARN_UNUSED_FUNCTION = YES;
				GCC_WARN_UNUSED_VARIABLE = YES;
				IPHONEOS_DEPLOYMENT_TARGET = 10.0;
				MTL_ENABLE_DEBUG_INFO = NO;
				SDKROOT = iphoneos;
				SWIFT_OPTIMIZATION_LEVEL = "-Owholemodule";
				VALIDATE_PRODUCT = YES;
			};
			name = Release;
		};
		6B52B3841DA8676B00D632E1 /* Debug */ = {
			isa = XCBuildConfiguration;
			buildSettings = {
				ASSETCATALOG_COMPILER_APPICON_NAME = AppIcon;
				CLANG_ENABLE_MODULES = YES;
				CODE_SIGN_ENTITLEMENTS = QPest/QPest.entitlements;
				DEVELOPMENT_TEAM = K82WMR44W3;
				FRAMEWORK_SEARCH_PATHS = (
					"$(inherited)",
					"$(PROJECT_DIR)/Carthage/Build/iOS",
					"$(PROJECT_DIR)/QPest",
				);
				INFOPLIST_FILE = QPest/Info.plist;
				LD_RUNPATH_SEARCH_PATHS = "$(inherited) @executable_path/Frameworks";
				PRODUCT_BUNDLE_IDENTIFIER = QPest.QPest;
				PRODUCT_NAME = "$(TARGET_NAME)";
				SWIFT_OBJC_BRIDGING_HEADER = "QPest/QPest-Bridging-Header.h";
				SWIFT_OPTIMIZATION_LEVEL = "-Onone";
				SWIFT_VERSION = 3.0;
			};
			name = Debug;
		};
		6B52B3851DA8676B00D632E1 /* Release */ = {
			isa = XCBuildConfiguration;
			buildSettings = {
				ASSETCATALOG_COMPILER_APPICON_NAME = AppIcon;
				CLANG_ENABLE_MODULES = YES;
				CODE_SIGN_ENTITLEMENTS = QPest/QPest.entitlements;
				DEVELOPMENT_TEAM = K82WMR44W3;
				FRAMEWORK_SEARCH_PATHS = (
					"$(inherited)",
					"$(PROJECT_DIR)/Carthage/Build/iOS",
					"$(PROJECT_DIR)/QPest",
				);
				INFOPLIST_FILE = QPest/Info.plist;
				LD_RUNPATH_SEARCH_PATHS = "$(inherited) @executable_path/Frameworks";
				PRODUCT_BUNDLE_IDENTIFIER = QPest.QPest;
				PRODUCT_NAME = "$(TARGET_NAME)";
				SWIFT_OBJC_BRIDGING_HEADER = "QPest/QPest-Bridging-Header.h";
				SWIFT_VERSION = 3.0;
			};
			name = Release;
		};
/* End XCBuildConfiguration section */

/* Begin XCConfigurationList section */
		6B52B36C1DA8676B00D632E1 /* Build configuration list for PBXProject "QPest" */ = {
			isa = XCConfigurationList;
			buildConfigurations = (
				6B52B3811DA8676B00D632E1 /* Debug */,
				6B52B3821DA8676B00D632E1 /* Release */,
			);
			defaultConfigurationIsVisible = 0;
			defaultConfigurationName = Release;
		};
		6B52B3831DA8676B00D632E1 /* Build configuration list for PBXNativeTarget "QPest" */ = {
			isa = XCConfigurationList;
			buildConfigurations = (
				6B52B3841DA8676B00D632E1 /* Debug */,
				6B52B3851DA8676B00D632E1 /* Release */,
			);
			defaultConfigurationIsVisible = 0;
			defaultConfigurationName = Release;
		};
/* End XCConfigurationList section */
	};
	rootObject = 6B52B3691DA8676B00D632E1 /* Project object */;
}
